
Microsoft Visual Studio Solution File, Format Version 12.00
# Visual Studio Version 17
VisualStudioVersion = 17.7.34003.232
MinimumVisualStudioVersion = 10.0.40219.1
Project("{FAE04EC0-301F-11D3-BF4B-00C04F79EFBC}") = "ServiceProviderDisposed", "ServiceProviderDisposed\ServiceProviderDisposed.csproj", "{D7D45E66-8D94-4772-B267-F2E805DCE835}"
EndProject
Project("{FAE04EC0-301F-11D3-BF4B-00C04F79EFBC}") = "ServiceProviderDisposed.Tests", "ServiceProviderDisposed.Tests\ServiceProviderDisposed.Tests.csproj", "{60C0E635-BCD9-4847-80D8-CCAF2D7D5837}"
EndProject
Global
	GlobalSection(SolutionConfigurationPlatforms) = preSolution
		Debug|Any CPU = Debug|Any CPU
		Release|Any CPU = Release|Any CPU
	EndGlobalSection
	GlobalSection(ProjectConfigurationPlatforms) = postSolution
		{D7D45E66-8D94-4772-B267-F2E805DCE835}.Debug|Any CPU.ActiveCfg = Debug|Any CPU
		{D7D45E66-8D94-4772-B267-F2E805DCE835}.Debug|Any CPU.Build.0 = Debug|Any CPU
		{D7D45E66-8D94-4772-B267-F2E805DCE835}.Release|Any CPU.ActiveCfg = Release|Any CPU
		{D7D45E66-8D94-4772-B267-F2E805DCE835}.Release|Any CPU.Build.0 = Release|Any CPU
		{60C0E635-BCD9-4847-80D8-CCAF2D7D5837}.Debug|Any CPU.ActiveCfg = Debug|Any CPU
		{60C0E635-BCD9-4847-80D8-CCAF2D7D5837}.Debug|Any CPU.Build.0 = Debug|Any CPU
		{60C0E635-BCD9-4847-80D8-CCAF2D7D5837}.Release|Any CPU.ActiveCfg = Release|Any CPU
		{60C0E635-BCD9-4847-80D8-CCAF2D7D5837}.Release|Any CPU.Build.0 = Release|Any CPU
	EndGlobalSection
	GlobalSection(SolutionProperties) = preSolution
		HideSolutionNode = FALSE
	EndGlobalSection
	GlobalSection(ExtensibilityGlobals) = postSolution
		SolutionGuid = {27EA623A-EC87-4E8C-B022-D501503779C8}
	EndGlobalSection
EndGlobal
